
Microsoft Visual Studio Solution File, Format Version 12.00
# Visual Studio 15
VisualStudioVersion = 15.0.28307.136
MinimumVisualStudioVersion = 10.0.40219.1
Project("{FAE04EC0-301F-11D3-BF4B-00C04F79EFBC}") = "Ferrari", "Ferrari\Ferrari.csproj", "{B49AE958-A1C4-4311-8E8B-BD5B212C1BB7}"
EndProject
Global
	GlobalSection(SolutionConfigurationPlatforms) = preSolution
		Debug|Any CPU = Debug|Any CPU
		Release|Any CPU = Release|Any CPU
	EndGlobalSection
	GlobalSection(ProjectConfigurationPlatforms) = postSolution
		{B49AE958-A1C4-4311-8E8B-BD5B212C1BB7}.Debug|Any CPU.ActiveCfg = Debug|Any CPU
		{B49AE958-A1C4-4311-8E8B-BD5B212C1BB7}.Debug|Any CPU.Build.0 = Debug|Any CPU
		{B49AE958-A1C4-4311-8E8B-BD5B212C1BB7}.Release|Any CPU.ActiveCfg = Release|Any CPU
		{B49AE958-A1C4-4311-8E8B-BD5B212C1BB7}.Release|Any CPU.Build.0 = Release|Any CPU
	EndGlobalSection
	GlobalSection(SolutionProperties) = preSolution
		HideSolutionNode = FALSE
	EndGlobalSection
	GlobalSection(ExtensibilityGlobals) = postSolution
		SolutionGuid = {9BF95F5A-D293-4147-B234-06DFF55C4018}
	EndGlobalSection
EndGlobal
