
Microsoft Visual Studio Solution File, Format Version 12.00
# Visual Studio 15
VisualStudioVersion = 15.0.28307.136
MinimumVisualStudioVersion = 10.0.40219.1
Project("{9A19103F-16F7-4668-BE54-9A1E7A4F7556}") = "01BoxOfT", "Lab\01BoxOfT\01BoxOfT.csproj", "{1789A155-A4D8-4EB7-A6CA-4AD75CB1BB4E}"
EndProject
Project("{9A19103F-16F7-4668-BE54-9A1E7A4F7556}") = "02GenericArrayCreator", "Lab\02GenericArrayCreator\02GenericArrayCreator.csproj", "{B0649879-EAA0-45CF-BE51-D8BB50C4FE38}"
EndProject
Project("{9A19103F-16F7-4668-BE54-9A1E7A4F7556}") = "03GenericScale", "Lab\03GenericScale\03GenericScale.csproj", "{B857A9BE-E5DB-4BAD-9477-A7D49A02E291}"
EndProject
Project("{FAE04EC0-301F-11D3-BF4B-00C04F79EFBC}") = "01GenericBoxOfString", "01GenericBoxOfString\01GenericBoxOfString.csproj", "{9CE7623A-9641-40A5-99CA-0DE82F8CA900}"
EndProject
Project("{FAE04EC0-301F-11D3-BF4B-00C04F79EFBC}") = "02GenerixBoxOfInteger", "02GenerixBoxOfInteger\02GenerixBoxOfInteger.csproj", "{A98ED558-D098-48FF-8D97-2781CDD8CBFB}"
EndProject
Global
	GlobalSection(SolutionConfigurationPlatforms) = preSolution
		Debug|Any CPU = Debug|Any CPU
		Release|Any CPU = Release|Any CPU
	EndGlobalSection
	GlobalSection(ProjectConfigurationPlatforms) = postSolution
		{1789A155-A4D8-4EB7-A6CA-4AD75CB1BB4E}.Debug|Any CPU.ActiveCfg = Debug|Any CPU
		{1789A155-A4D8-4EB7-A6CA-4AD75CB1BB4E}.Debug|Any CPU.Build.0 = Debug|Any CPU
		{1789A155-A4D8-4EB7-A6CA-4AD75CB1BB4E}.Release|Any CPU.ActiveCfg = Release|Any CPU
		{1789A155-A4D8-4EB7-A6CA-4AD75CB1BB4E}.Release|Any CPU.Build.0 = Release|Any CPU
		{B0649879-EAA0-45CF-BE51-D8BB50C4FE38}.Debug|Any CPU.ActiveCfg = Debug|Any CPU
		{B0649879-EAA0-45CF-BE51-D8BB50C4FE38}.Debug|Any CPU.Build.0 = Debug|Any CPU
		{B0649879-EAA0-45CF-BE51-D8BB50C4FE38}.Release|Any CPU.ActiveCfg = Release|Any CPU
		{B0649879-EAA0-45CF-BE51-D8BB50C4FE38}.Release|Any CPU.Build.0 = Release|Any CPU
		{B857A9BE-E5DB-4BAD-9477-A7D49A02E291}.Debug|Any CPU.ActiveCfg = Debug|Any CPU
		{B857A9BE-E5DB-4BAD-9477-A7D49A02E291}.Debug|Any CPU.Build.0 = Debug|Any CPU
		{B857A9BE-E5DB-4BAD-9477-A7D49A02E291}.Release|Any CPU.ActiveCfg = Release|Any CPU
		{B857A9BE-E5DB-4BAD-9477-A7D49A02E291}.Release|Any CPU.Build.0 = Release|Any CPU
		{9CE7623A-9641-40A5-99CA-0DE82F8CA900}.Debug|Any CPU.ActiveCfg = Debug|Any CPU
		{9CE7623A-9641-40A5-99CA-0DE82F8CA900}.Debug|Any CPU.Build.0 = Debug|Any CPU
		{9CE7623A-9641-40A5-99CA-0DE82F8CA900}.Release|Any CPU.ActiveCfg = Release|Any CPU
		{9CE7623A-9641-40A5-99CA-0DE82F8CA900}.Release|Any CPU.Build.0 = Release|Any CPU
		{A98ED558-D098-48FF-8D97-2781CDD8CBFB}.Debug|Any CPU.ActiveCfg = Debug|Any CPU
		{A98ED558-D098-48FF-8D97-2781CDD8CBFB}.Debug|Any CPU.Build.0 = Debug|Any CPU
		{A98ED558-D098-48FF-8D97-2781CDD8CBFB}.Release|Any CPU.ActiveCfg = Release|Any CPU
		{A98ED558-D098-48FF-8D97-2781CDD8CBFB}.Release|Any CPU.Build.0 = Release|Any CPU
	EndGlobalSection
	GlobalSection(SolutionProperties) = preSolution
		HideSolutionNode = FALSE
	EndGlobalSection
	GlobalSection(ExtensibilityGlobals) = postSolution
		SolutionGuid = {4B6DE55A-1D4D-4504-9FFF-463CD1B38828}
	EndGlobalSection
EndGlobal
